
Microsoft Visual Studio Solution File, Format Version 12.00
# Visual Studio 2013
VisualStudioVersion = 12.0.30723.0
MinimumVisualStudioVersion = 10.0.40219.1
Project("{FAE04EC0-301F-11D3-BF4B-00C04F79EFBC}") = "Lines.GameEngine", "Lines.GameEngine\Lines.GameEngine.csproj", "{320C7F7C-F338-44E1-8A3E-21DB7A268773}"
EndProject
Project("{FAE04EC0-301F-11D3-BF4B-00C04F79EFBC}") = "Lines.ConsoleUI", "Lines.ConsoleUI\Lines.ConsoleUI.csproj", "{9C101542-39A6-4A85-871C-8BB13850E163}"
EndProject
Project("{FAE04EC0-301F-11D3-BF4B-00C04F79EFBC}") = "Lines.DesktopUI", "Lines.DesktopUI\Lines.DesktopUI.csproj", "{CF29CAD1-EAE5-4860-8E42-C0FF8CD1F5C9}"
EndProject
Project("{FAE04EC0-301F-11D3-BF4B-00C04F79EFBC}") = "Lines.GameEngine.Test", "Lines.GameEngine.Test\Lines.GameEngine.Test.csproj", "{24EE510C-538C-481B-AE6C-DAA67FB1768C}"
EndProject
Project("{F088123C-0E9E-452A-89E6-6BA2F21D5CAC}") = "ModelingProject", "ModelingProject\ModelingProject.modelproj", "{51CE2179-1115-443E-8177-958F8A7E09E8}"
EndProject
Project("{54435603-DBB4-11D2-8724-00A0C9A8B90C}") = "Lines.Installer", "Lines.Installer\Lines.Installer.vdproj", "{2DF56E5E-62BD-4A03-8DA7-0BBCFDF219E4}"
EndProject
Global
	GlobalSection(SolutionConfigurationPlatforms) = preSolution
		Debug|Any CPU = Debug|Any CPU
		Release|Any CPU = Release|Any CPU
	EndGlobalSection
	GlobalSection(ProjectConfigurationPlatforms) = postSolution
		{320C7F7C-F338-44E1-8A3E-21DB7A268773}.Debug|Any CPU.ActiveCfg = Debug|Any CPU
		{320C7F7C-F338-44E1-8A3E-21DB7A268773}.Debug|Any CPU.Build.0 = Debug|Any CPU
		{320C7F7C-F338-44E1-8A3E-21DB7A268773}.Release|Any CPU.ActiveCfg = Release|Any CPU
		{320C7F7C-F338-44E1-8A3E-21DB7A268773}.Release|Any CPU.Build.0 = Release|Any CPU
		{9C101542-39A6-4A85-871C-8BB13850E163}.Debug|Any CPU.ActiveCfg = Debug|Any CPU
		{9C101542-39A6-4A85-871C-8BB13850E163}.Debug|Any CPU.Build.0 = Debug|Any CPU
		{9C101542-39A6-4A85-871C-8BB13850E163}.Release|Any CPU.ActiveCfg = Release|Any CPU
		{9C101542-39A6-4A85-871C-8BB13850E163}.Release|Any CPU.Build.0 = Release|Any CPU
		{CF29CAD1-EAE5-4860-8E42-C0FF8CD1F5C9}.Debug|Any CPU.ActiveCfg = Debug|Any CPU
		{CF29CAD1-EAE5-4860-8E42-C0FF8CD1F5C9}.Debug|Any CPU.Build.0 = Debug|Any CPU
		{CF29CAD1-EAE5-4860-8E42-C0FF8CD1F5C9}.Release|Any CPU.ActiveCfg = Release|Any CPU
		{CF29CAD1-EAE5-4860-8E42-C0FF8CD1F5C9}.Release|Any CPU.Build.0 = Release|Any CPU
		{24EE510C-538C-481B-AE6C-DAA67FB1768C}.Debug|Any CPU.ActiveCfg = Debug|Any CPU
		{24EE510C-538C-481B-AE6C-DAA67FB1768C}.Debug|Any CPU.Build.0 = Debug|Any CPU
		{24EE510C-538C-481B-AE6C-DAA67FB1768C}.Release|Any CPU.ActiveCfg = Release|Any CPU
		{24EE510C-538C-481B-AE6C-DAA67FB1768C}.Release|Any CPU.Build.0 = Release|Any CPU
		{51CE2179-1115-443E-8177-958F8A7E09E8}.Debug|Any CPU.ActiveCfg = Debug|Any CPU
		{51CE2179-1115-443E-8177-958F8A7E09E8}.Debug|Any CPU.Build.0 = Debug|Any CPU
		{51CE2179-1115-443E-8177-958F8A7E09E8}.Release|Any CPU.ActiveCfg = Release|Any CPU
		{51CE2179-1115-443E-8177-958F8A7E09E8}.Release|Any CPU.Build.0 = Release|Any CPU
		{2DF56E5E-62BD-4A03-8DA7-0BBCFDF219E4}.Debug|Any CPU.ActiveCfg = Debug
		{2DF56E5E-62BD-4A03-8DA7-0BBCFDF219E4}.Release|Any CPU.ActiveCfg = Release
	EndGlobalSection
	GlobalSection(SolutionProperties) = preSolution
		HideSolutionNode = FALSE
	EndGlobalSection
EndGlobal
